<?xml version="1.0" encoding="utf-8"?>
<Project ToolsVersion="4.0" xmlns="http://schemas.microsoft.com/developer/msbuild/2003">
  <ItemGroup>
    <Filter Include="Source Files">
      <UniqueIdentifier>{4FC737F1-C7A5-4376-A066-2A32D752A2FF}</UniqueIdentifier>
      <Extensions>cpp;c;cc;cxx;def;odl;idl;hpj;bat;asm;asmx</Extensions>
    </Filter>
    <Filter Include="Header Files">
      <UniqueIdentifier>{93995380-89BD-4b04-88EB-625FBE52EBFB}</UniqueIdentifier>
      <Extensions>h;hh;hpp;hxx;hm;inl;inc;xsd</Extensions>
    </Filter>
    <Filter Include="Resource Files">
      <UniqueIdentifier>{67DA6AB6-F800-4c08-8B7A-83BB121AAD01}</UniqueIdentifier>
      <Extensions>rc;ico;cur;bmp;dlg;rc2;rct;bin;rgs;gif;jpg;jpeg;jpe;resx;tiff;tif;png;wav;mfcribbon-ms</Extensions>
    </Filter>
  </ItemGroup>
  <ItemGroup>
    <ClCompile Include="Source\background.cpp">
      <Filter>Source Files</Filter>
    </ClCompile>
    <ClCompile Include="Source\collideBox.cpp">
      <Filter>Source Files</Filter>
    </ClCompile>
    <ClCompile Include="Source\collision.cpp">
      <Filter>Source Files</Filter>
    </ClCompile>
    <ClCompile Include="Source\display.cpp">
      <Filter>Source Files</Filter>
    </ClCompile>
    <ClCompile Include="Source\enemy.cpp">
      <Filter>Source Files</Filter>
    </ClCompile>
    <ClCompile Include="Source\entity.cpp">
      <Filter>Source Files</Filter>
    </ClCompile>
    <ClCompile Include="Source\game.cpp">
      <Filter>Source Files</Filter>
    </ClCompile>
    <ClCompile Include="Source\hud.cpp">
      <Filter>Source Files</Filter>
    </ClCompile>
    <ClCompile Include="Source\main.cpp">
      <Filter>Source Files</Filter>
    </ClCompile>
    <ClCompile Include="Source\movement.cpp">
      <Filter>Source Files</Filter>
    </ClCompile>
    <ClCompile Include="Source\player.cpp">
      <Filter>Source Files</Filter>
    </ClCompile>
    <ClCompile Include="Source\textTexture.cpp">
      <Filter>Source Files</Filter>
    </ClCompile>
    <ClCompile Include="Source\texture.cpp">
      <Filter>Source Files</Filter>
    </ClCompile>
    <ClCompile Include="Source\tile.cpp">
      <Filter>Source Files</Filter>
    </ClCompile>
    <ClCompile Include="Source\world.cpp">
      <Filter>Source Files</Filter>
    </ClCompile>
    <ClCompile Include="Source\camera.cpp">
      <Filter>Source Files</Filter>
    </ClCompile>
    <ClCompile Include="Source\input.cpp">
      <Filter>Source Files</Filter>
    </ClCompile>
  </ItemGroup>
  <ItemGroup>
    <ClInclude Include="Source\background.h">
      <Filter>Header Files</Filter>
    </ClInclude>
    <ClInclude Include="Source\collideBox.h">
      <Filter>Header Files</Filter>
    </ClInclude>
    <ClInclude Include="Source\collision.h">
      <Filter>Header Files</Filter>
    </ClInclude>
    <ClInclude Include="Source\display.h">
      <Filter>Header Files</Filter>
    </ClInclude>
    <ClInclude Include="Source\enemy.h">
      <Filter>Header Files</Filter>
    </ClInclude>
    <ClInclude Include="Source\entity.h">
      <Filter>Header Files</Filter>
    </ClInclude>
    <ClInclude Include="Source\game.h">
      <Filter>Header Files</Filter>
    </ClInclude>
    <ClInclude Include="Source\hud.h">
      <Filter>Header Files</Filter>
    </ClInclude>
    <ClInclude Include="Source\movement.h">
      <Filter>Header Files</Filter>
    </ClInclude>
    <ClInclude Include="Source\player.h">
      <Filter>Header Files</Filter>
    </ClInclude>
    <ClInclude Include="Source\textTexture.h">
      <Filter>Header Files</Filter>
    </ClInclude>
    <ClInclude Include="Source\texture.h">
      <Filter>Header Files</Filter>
    </ClInclude>
    <ClInclude Include="Source\tile.h">
      <Filter>Header Files</Filter>
    </ClInclude>
    <ClInclude Include="Source\world.h">
      <Filter>Header Files</Filter>
    </ClInclude>
    <ClInclude Include="Source\camera.h">
      <Filter>Header Files</Filter>
    </ClInclude>
    <ClInclude Include="Source\input.h">
      <Filter>Header Files</Filter>
    </ClInclude>
  </ItemGroup>
</Project>